
Microsoft Visual Studio Solution File, Format Version 12.00
# Visual Studio 15
VisualStudioVersion = 15.0.28307.1525
MinimumVisualStudioVersion = 10.0.40219.1
Project("{FAE04EC0-301F-11D3-BF4B-00C04F79EFBC}") = "DX_BarcodeReport", "DX_BarcodeReport\DX_BarcodeReport.csproj", "{7164C358-2C9F-4841-8014-995B1F2B4CCA}"
EndProject
Global
	GlobalSection(SolutionConfigurationPlatforms) = preSolution
		Debug|Any CPU = Debug|Any CPU
		Release|Any CPU = Release|Any CPU
	EndGlobalSection
	GlobalSection(ProjectConfigurationPlatforms) = postSolution
		{7164C358-2C9F-4841-8014-995B1F2B4CCA}.Debug|Any CPU.ActiveCfg = Debug|Any CPU
		{7164C358-2C9F-4841-8014-995B1F2B4CCA}.Debug|Any CPU.Build.0 = Debug|Any CPU
		{7164C358-2C9F-4841-8014-995B1F2B4CCA}.Release|Any CPU.ActiveCfg = Release|Any CPU
		{7164C358-2C9F-4841-8014-995B1F2B4CCA}.Release|Any CPU.Build.0 = Release|Any CPU
	EndGlobalSection
	GlobalSection(SolutionProperties) = preSolution
		HideSolutionNode = FALSE
	EndGlobalSection
	GlobalSection(ExtensibilityGlobals) = postSolution
		SolutionGuid = {BD7A73F8-8058-466A-8B33-6BDBB989A199}
	EndGlobalSection
EndGlobal
